
Microsoft Visual Studio Solution File, Format Version 12.00
# Visual Studio Version 17
VisualStudioVersion = 17.9.34616.47
MinimumVisualStudioVersion = 10.0.40219.1
Project("{FAE04EC0-301F-11D3-BF4B-00C04F79EFBC}") = "TYAPKurs", "TYAPKurs\TYAPKurs.csproj", "{F85BB3CD-FD7B-462B-A973-376D70F30F09}"
EndProject
Global
	GlobalSection(SolutionConfigurationPlatforms) = preSolution
		Debug|Any CPU = Debug|Any CPU
		Release|Any CPU = Release|Any CPU
	EndGlobalSection
	GlobalSection(ProjectConfigurationPlatforms) = postSolution
		{F85BB3CD-FD7B-462B-A973-376D70F30F09}.Debug|Any CPU.ActiveCfg = Debug|Any CPU
		{F85BB3CD-FD7B-462B-A973-376D70F30F09}.Debug|Any CPU.Build.0 = Debug|Any CPU
		{F85BB3CD-FD7B-462B-A973-376D70F30F09}.Release|Any CPU.ActiveCfg = Release|Any CPU
		{F85BB3CD-FD7B-462B-A973-376D70F30F09}.Release|Any CPU.Build.0 = Release|Any CPU
	EndGlobalSection
	GlobalSection(SolutionProperties) = preSolution
		HideSolutionNode = FALSE
	EndGlobalSection
	GlobalSection(ExtensibilityGlobals) = postSolution
		SolutionGuid = {798E723D-71C3-44A7-B012-79562745E692}
	EndGlobalSection
EndGlobal
